
Microsoft Visual Studio Solution File, Format Version 12.00
# Visual Studio Version 16
VisualStudioVersion = 16.0.32002.261
MinimumVisualStudioVersion = 10.0.40219.1
Project("{9A19103F-16F7-4668-BE54-9A1E7A4F7556}") = "interfaceg.elogica", "interfaceg.elogica\interfaceg.elogica.csproj", "{13D4BB6E-DE26-4AAE-A770-0739103D96CE}"
EndProject
Project("{9A19103F-16F7-4668-BE54-9A1E7A4F7556}") = "api.leitor.elogica", "api.leitor.elogica\api.leitor.elogica.csproj", "{B11BCF1D-6608-4DD5-9519-7EB468E020A1}"
EndProject
Global
	GlobalSection(SolutionConfigurationPlatforms) = preSolution
		Debug|Any CPU = Debug|Any CPU
		Release|Any CPU = Release|Any CPU
	EndGlobalSection
	GlobalSection(ProjectConfigurationPlatforms) = postSolution
		{13D4BB6E-DE26-4AAE-A770-0739103D96CE}.Debug|Any CPU.ActiveCfg = Debug|Any CPU
		{13D4BB6E-DE26-4AAE-A770-0739103D96CE}.Debug|Any CPU.Build.0 = Debug|Any CPU
		{13D4BB6E-DE26-4AAE-A770-0739103D96CE}.Release|Any CPU.ActiveCfg = Release|Any CPU
		{13D4BB6E-DE26-4AAE-A770-0739103D96CE}.Release|Any CPU.Build.0 = Release|Any CPU
		{B11BCF1D-6608-4DD5-9519-7EB468E020A1}.Debug|Any CPU.ActiveCfg = Debug|Any CPU
		{B11BCF1D-6608-4DD5-9519-7EB468E020A1}.Debug|Any CPU.Build.0 = Debug|Any CPU
		{B11BCF1D-6608-4DD5-9519-7EB468E020A1}.Release|Any CPU.ActiveCfg = Release|Any CPU
		{B11BCF1D-6608-4DD5-9519-7EB468E020A1}.Release|Any CPU.Build.0 = Release|Any CPU
	EndGlobalSection
	GlobalSection(SolutionProperties) = preSolution
		HideSolutionNode = FALSE
	EndGlobalSection
	GlobalSection(ExtensibilityGlobals) = postSolution
		SolutionGuid = {2FC4A093-7330-4822-B576-81F5C0D6649D}
	EndGlobalSection
EndGlobal
